
Microsoft Visual Studio Solution File, Format Version 12.00
# Visual Studio Version 17
VisualStudioVersion = 17.8.34511.84
MinimumVisualStudioVersion = 10.0.40219.1
Project("{8BC9CEB8-8B4A-11D0-8D11-00A0C91BC942}") = "PractCPlusDynamicLib", "PractCPlusDynamicLib\PractCPlusDynamicLib.vcxproj", "{9C00E1C1-6E56-420A-9EC0-80C43722EA25}"
EndProject
Project("{8BC9CEB8-8B4A-11D0-8D11-00A0C91BC942}") = "DynamicLib1", "DynamicLib1\DynamicLib1.vcxproj", "{26712EEC-BA09-4671-9F43-52D594214408}"
EndProject
Global
	GlobalSection(SolutionConfigurationPlatforms) = preSolution
		Debug|x64 = Debug|x64
		Debug|x86 = Debug|x86
		Release|x64 = Release|x64
		Release|x86 = Release|x86
	EndGlobalSection
	GlobalSection(ProjectConfigurationPlatforms) = postSolution
		{9C00E1C1-6E56-420A-9EC0-80C43722EA25}.Debug|x64.ActiveCfg = Debug|x64
		{9C00E1C1-6E56-420A-9EC0-80C43722EA25}.Debug|x64.Build.0 = Debug|x64
		{9C00E1C1-6E56-420A-9EC0-80C43722EA25}.Debug|x86.ActiveCfg = Debug|Win32
		{9C00E1C1-6E56-420A-9EC0-80C43722EA25}.Debug|x86.Build.0 = Debug|Win32
		{9C00E1C1-6E56-420A-9EC0-80C43722EA25}.Release|x64.ActiveCfg = Release|x64
		{9C00E1C1-6E56-420A-9EC0-80C43722EA25}.Release|x64.Build.0 = Release|x64
		{9C00E1C1-6E56-420A-9EC0-80C43722EA25}.Release|x86.ActiveCfg = Release|Win32
		{9C00E1C1-6E56-420A-9EC0-80C43722EA25}.Release|x86.Build.0 = Release|Win32
		{26712EEC-BA09-4671-9F43-52D594214408}.Debug|x64.ActiveCfg = Debug|x64
		{26712EEC-BA09-4671-9F43-52D594214408}.Debug|x64.Build.0 = Debug|x64
		{26712EEC-BA09-4671-9F43-52D594214408}.Debug|x86.ActiveCfg = Debug|Win32
		{26712EEC-BA09-4671-9F43-52D594214408}.Debug|x86.Build.0 = Debug|Win32
		{26712EEC-BA09-4671-9F43-52D594214408}.Release|x64.ActiveCfg = Release|x64
		{26712EEC-BA09-4671-9F43-52D594214408}.Release|x64.Build.0 = Release|x64
		{26712EEC-BA09-4671-9F43-52D594214408}.Release|x86.ActiveCfg = Release|Win32
		{26712EEC-BA09-4671-9F43-52D594214408}.Release|x86.Build.0 = Release|Win32
	EndGlobalSection
	GlobalSection(SolutionProperties) = preSolution
		HideSolutionNode = FALSE
	EndGlobalSection
	GlobalSection(ExtensibilityGlobals) = postSolution
		SolutionGuid = {2B21F124-7B95-4188-956F-A5F2647C3120}
	EndGlobalSection
EndGlobal
